
Microsoft Visual Studio Solution File, Format Version 12.00
# Visual Studio 2015
Project("{FAE04EC0-301F-11D3-BF4B-00C04F79EFBC}") = "Clement.CSharp", "Clement.CSharp.csproj", "{4DA8EDD1-D0D5-9707-D720-660AE3478A9F}"
EndProject
Project("{FAE04EC0-301F-11D3-BF4B-00C04F79EFBC}") = "Clement.CSharp.Editor", "Clement.CSharp.Editor.csproj", "{C561D25A-1831-7E70-D0BE-4ED9EF2C73AA}"
EndProject
Global
	GlobalSection(SolutionConfigurationPlatforms) = preSolution
		Debug|Any CPU = Debug|Any CPU
		Release|Any CPU = Release|Any CPU
	EndGlobalSection
	GlobalSection(ProjectConfigurationPlatforms) = postSolution
		{4DA8EDD1-D0D5-9707-D720-660AE3478A9F}.Debug|Any CPU.ActiveCfg = Debug|Any CPU
		{4DA8EDD1-D0D5-9707-D720-660AE3478A9F}.Debug|Any CPU.Build.0 = Debug|Any CPU
		{4DA8EDD1-D0D5-9707-D720-660AE3478A9F}.Release|Any CPU.ActiveCfg = Release|Any CPU
		{4DA8EDD1-D0D5-9707-D720-660AE3478A9F}.Release|Any CPU.Build.0 = Release|Any CPU
		{C561D25A-1831-7E70-D0BE-4ED9EF2C73AA}.Debug|Any CPU.ActiveCfg = Debug|Any CPU
		{C561D25A-1831-7E70-D0BE-4ED9EF2C73AA}.Debug|Any CPU.Build.0 = Debug|Any CPU
		{C561D25A-1831-7E70-D0BE-4ED9EF2C73AA}.Release|Any CPU.ActiveCfg = Release|Any CPU
		{C561D25A-1831-7E70-D0BE-4ED9EF2C73AA}.Release|Any CPU.Build.0 = Release|Any CPU
	EndGlobalSection
	GlobalSection(SolutionProperties) = preSolution
		HideSolutionNode = FALSE
	EndGlobalSection
EndGlobal
