
Microsoft Visual Studio Solution File, Format Version 12.00
# Visual Studio 2015
Project("{FAE04EC0-301F-11D3-BF4B-00C04F79EFBC}") = "KarbonMVP.CSharp", "KarbonMVP.CSharp.csproj", "{44869B3A-6A11-F7F6-EEDB-E0A7C051A815}"
EndProject
Global
	GlobalSection(SolutionConfigurationPlatforms) = preSolution
		Debug|Any CPU = Debug|Any CPU
		Release|Any CPU = Release|Any CPU
	EndGlobalSection
	GlobalSection(ProjectConfigurationPlatforms) = postSolution
		{44869B3A-6A11-F7F6-EEDB-E0A7C051A815}.Debug|Any CPU.ActiveCfg = Debug|Any CPU
		{44869B3A-6A11-F7F6-EEDB-E0A7C051A815}.Debug|Any CPU.Build.0 = Debug|Any CPU
		{44869B3A-6A11-F7F6-EEDB-E0A7C051A815}.Release|Any CPU.ActiveCfg = Release|Any CPU
		{44869B3A-6A11-F7F6-EEDB-E0A7C051A815}.Release|Any CPU.Build.0 = Release|Any CPU
	EndGlobalSection
	GlobalSection(SolutionProperties) = preSolution
		HideSolutionNode = FALSE
	EndGlobalSection
EndGlobal
